{
    "requires": true,
    "lockfileVersion": 1,
    "dependencies": {
      "helmet": {
        "version": "4.4.1",
        "resolved": "https://registry.npmjs.org/helmet/-/helmet-4.4.1.tgz",
        "integrity": "sha512-G8tp0wUMI7i8wkMk2xLcEvESg5PiCitFMYgGRc/PwULB0RVhTP5GFdxOwvJwp9XVha8CuS8mnhmE8I/8dx/pbw=="
      }
    }
  }